// !$*UTF8*$!
{
	archiveVersion = 1;
	classes = {
	};
	objectVersion = 46;
	objects = {

/* Begin PBXBuildFile section */
		8ED756AE1A5095A80073A6A2 /* main.m in Sources */ = {isa = PBXBuildFile; fileRef = 8ED756AD1A5095A80073A6A2 /* main.m */; };
		8ED756B11A5095A80073A6A2 /* AppDelegate.m in Sources */ = {isa = PBXBuildFile; fileRef = 8ED756B01A5095A80073A6A2 /* AppDelegate.m */; };
		8ED756B41A5095A80073A6A2 /* MasterViewController.m in Sources */ = {isa = PBXBuildFile; fileRef = 8ED756B31A5095A80073A6A2 /* MasterViewController.m */; };
		8ED756B71A5095A80073A6A2 /* DetailViewController.m in Sources */ = {isa = PBXBuildFile; fileRef = 8ED756B61A5095A80073A6A2 /* DetailViewController.m */; };
		8ED756BA1A5095A80073A6A2 /* Main.storyboard in Resources */ = {isa = PBXBuildFile; fileRef = 8ED756B81A5095A80073A6A2 /* Main.storyboard */; };
		8ED756BC1A5095A80073A6A2 /* Images.xcassets in Resources */ = {isa = PBXBuildFile; fileRef = 8ED756BB1A5095A80073A6A2 /* Images.xcassets */; };
		8ED756BF1A5095A80073A6A2 /* LaunchScreen.xib in Resources */ = {isa = PBXBuildFile; fileRef = 8ED756BD1A5095A80073A6A2 /* LaunchScreen.xib */; };
		8ED756CB1A5095A80073A6A2 /* FSInteractiveMapTests.m in Sources */ = {isa = PBXBuildFile; fileRef = 8ED756CA1A5095A80073A6A2 /* FSInteractiveMapTests.m */; };
		8ED756EB1A5099480073A6A2 /* austria-low.svg in Resources */ = {isa = PBXBuildFile; fileRef = 8ED756D61A5099480073A6A2 /* austria-low.svg */; };
		8ED756EC1A5099480073A6A2 /* beef-cuts.svg in Resources */ = {isa = PBXBuildFile; fileRef = 8ED756D71A5099480073A6A2 /* beef-cuts.svg */; };
		8ED756ED1A5099480073A6A2 /* china-low.svg in Resources */ = {isa = PBXBuildFile; fileRef = 8ED756D81A5099480073A6A2 /* china-low.svg */; };
		8ED756EE1A5099480073A6A2 /* europe.svg in Resources */ = {isa = PBXBuildFile; fileRef = 8ED756D91A5099480073A6A2 /* europe.svg */; };
		8ED756EF1A5099480073A6A2 /* france-low.svg in Resources */ = {isa = PBXBuildFile; fileRef = 8ED756DA1A5099480073A6A2 /* france-low.svg */; };
		8ED756F01A5099480073A6A2 /* germany.svg in Resources */ = {isa = PBXBuildFile; fileRef = 8ED756DB1A5099480073A6A2 /* germany.svg */; };
		8ED756F11A5099480073A6A2 /* india-low.svg in Resources */ = {isa = PBXBuildFile; fileRef = 8ED756DC1A5099480073A6A2 /* india-low.svg */; };
		8ED756F21A5099480073A6A2 /* italy.svg in Resources */ = {isa = PBXBuildFile; fileRef = 8ED756DD1A5099480073A6A2 /* italy.svg */; };
		8ED756F31A5099480073A6A2 /* uk-low.svg in Resources */ = {isa = PBXBuildFile; fileRef = 8ED756DE1A5099480073A6A2 /* uk-low.svg */; };
		8ED756F41A5099480073A6A2 /* usa-low.svg in Resources */ = {isa = PBXBuildFile; fileRef = 8ED756DF1A5099480073A6A2 /* usa-low.svg */; };
		8ED756F51A5099480073A6A2 /* world-continents-low.svg in Resources */ = {isa = PBXBuildFile; fileRef = 8ED756E01A5099480073A6A2 /* world-continents-low.svg */; };
		8ED756F61A5099480073A6A2 /* world-low.svg in Resources */ = {isa = PBXBuildFile; fileRef = 8ED756E11A5099480073A6A2 /* world-low.svg */; };
		8ED756F71A5099480073A6A2 /* FSInteractiveMapView.m in Sources */ = {isa = PBXBuildFile; fileRef = 8ED756E31A5099480073A6A2 /* FSInteractiveMapView.m */; };
		8ED756F81A5099480073A6A2 /* FSSVG.m in Sources */ = {isa = PBXBuildFile; fileRef = 8ED756E61A5099480073A6A2 /* FSSVG.m */; };
		8ED756F91A5099480073A6A2 /* FSSVGPathElement.m in Sources */ = {isa = PBXBuildFile; fileRef = 8ED756E81A5099480073A6A2 /* FSSVGPathElement.m */; };
		8ED756FA1A5099480073A6A2 /* FSSVGUtils.m in Sources */ = {isa = PBXBuildFile; fileRef = 8ED756EA1A5099480073A6A2 /* FSSVGUtils.m */; };
/* End PBXBuildFile section */

/* Begin PBXContainerItemProxy section */
		8ED756C51A5095A80073A6A2 /* PBXContainerItemProxy */ = {
			isa = PBXContainerItemProxy;
			containerPortal = 8ED756A01A5095A80073A6A2 /* Project object */;
			proxyType = 1;
			remoteGlobalIDString = 8ED756A71A5095A80073A6A2;
			remoteInfo = FSInteractiveMap;
		};
/* End PBXContainerItemProxy section */

/* Begin PBXFileReference section */
		8ED756A81A5095A80073A6A2 /* FSInteractiveMap.app */ = {isa = PBXFileReference; explicitFileType = wrapper.application; includeInIndex = 0; path = FSInteractiveMap.app; sourceTree = BUILT_PRODUCTS_DIR; };
		8ED756AC1A5095A80073A6A2 /* Info.plist */ = {isa = PBXFileReference; lastKnownFileType = text.plist.xml; path = Info.plist; sourceTree = "<group>"; };
		8ED756AD1A5095A80073A6A2 /* main.m */ = {isa = PBXFileReference; lastKnownFileType = sourcecode.c.objc; path = main.m; sourceTree = "<group>"; };
		8ED756AF1A5095A80073A6A2 /* AppDelegate.h */ = {isa = PBXFileReference; lastKnownFileType = sourcecode.c.h; path = AppDelegate.h; sourceTree = "<group>"; };
		8ED756B01A5095A80073A6A2 /* AppDelegate.m */ = {isa = PBXFileReference; lastKnownFileType = sourcecode.c.objc; path = AppDelegate.m; sourceTree = "<group>"; };
		8ED756B21A5095A80073A6A2 /* MasterViewController.h */ = {isa = PBXFileReference; lastKnownFileType = sourcecode.c.h; path = MasterViewController.h; sourceTree = "<group>"; };
		8ED756B31A5095A80073A6A2 /* MasterViewController.m */ = {isa = PBXFileReference; lastKnownFileType = sourcecode.c.objc; path = MasterViewController.m; sourceTree = "<group>"; };
		8ED756B51A5095A80073A6A2 /* DetailViewController.h */ = {isa = PBXFileReference; lastKnownFileType = sourcecode.c.h; path = DetailViewController.h; sourceTree = "<group>"; };
		8ED756B61A5095A80073A6A2 /* DetailViewController.m */ = {isa = PBXFileReference; lastKnownFileType = sourcecode.c.objc; path = DetailViewController.m; sourceTree = "<group>"; };
		8ED756B91A5095A80073A6A2 /* Base */ = {isa = PBXFileReference; lastKnownFileType = file.storyboard; name = Base; path = Base.lproj/Main.storyboard; sourceTree = "<group>"; };
		8ED756BB1A5095A80073A6A2 /* Images.xcassets */ = {isa = PBXFileReference; lastKnownFileType = folder.assetcatalog; path = Images.xcassets; sourceTree = "<group>"; };
		8ED756BE1A5095A80073A6A2 /* Base */ = {isa = PBXFileReference; lastKnownFileType = file.xib; name = Base; path = Base.lproj/LaunchScreen.xib; sourceTree = "<group>"; };
		8ED756C41A5095A80073A6A2 /* FSInteractiveMapTests.xctest */ = {isa = PBXFileReference; explicitFileType = wrapper.cfbundle; includeInIndex = 0; path = FSInteractiveMapTests.xctest; sourceTree = BUILT_PRODUCTS_DIR; };
		8ED756C91A5095A80073A6A2 /* Info.plist */ = {isa = PBXFileReference; lastKnownFileType = text.plist.xml; path = Info.plist; sourceTree = "<group>"; };
		8ED756CA1A5095A80073A6A2 /* FSInteractiveMapTests.m */ = {isa = PBXFileReference; lastKnownFileType = sourcecode.c.objc; path = FSInteractiveMapTests.m; sourceTree = "<group>"; };
		8ED756D61A5099480073A6A2 /* austria-low.svg */ = {isa = PBXFileReference; fileEncoding = 4; lastKnownFileType = text.xml; path = "austria-low.svg"; sourceTree = "<group>"; };
		8ED756D71A5099480073A6A2 /* beef-cuts.svg */ = {isa = PBXFileReference; fileEncoding = 4; lastKnownFileType = text.xml; path = "beef-cuts.svg"; sourceTree = "<group>"; };
		8ED756D81A5099480073A6A2 /* china-low.svg */ = {isa = PBXFileReference; fileEncoding = 4; lastKnownFileType = text.xml; path = "china-low.svg"; sourceTree = "<group>"; };
		8ED756D91A5099480073A6A2 /* europe.svg */ = {isa = PBXFileReference; fileEncoding = 4; lastKnownFileType = text.xml; path = europe.svg; sourceTree = "<group>"; };
		8ED756DA1A5099480073A6A2 /* france-low.svg */ = {isa = PBXFileReference; fileEncoding = 4; lastKnownFileType = text.xml; path = "france-low.svg"; sourceTree = "<group>"; };
		8ED756DB1A5099480073A6A2 /* germany.svg */ = {isa = PBXFileReference; fileEncoding = 4; lastKnownFileType = text.xml; path = germany.svg; sourceTree = "<group>"; };
		8ED756DC1A5099480073A6A2 /* india-low.svg */ = {isa = PBXFileReference; fileEncoding = 4; lastKnownFileType = text.xml; path = "india-low.svg"; sourceTree = "<group>"; };
		8ED756DD1A5099480073A6A2 /* italy.svg */ = {isa = PBXFileReference; fileEncoding = 4; lastKnownFileType = text.xml; path = italy.svg; sourceTree = "<group>"; };
		8ED756DE1A5099480073A6A2 /* uk-low.svg */ = {isa = PBXFileReference; fileEncoding = 4; lastKnownFileType = text.xml; path = "uk-low.svg"; sourceTree = "<group>"; };
		8ED756DF1A5099480073A6A2 /* usa-low.svg */ = {isa = PBXFileReference; fileEncoding = 4; lastKnownFileType = text.xml; path = "usa-low.svg"; sourceTree = "<group>"; };
		8ED756E01A5099480073A6A2 /* world-continents-low.svg */ = {isa = PBXFileReference; fileEncoding = 4; lastKnownFileType = text.xml; path = "world-continents-low.svg"; sourceTree = "<group>"; };
		8ED756E11A5099480073A6A2 /* world-low.svg */ = {isa = PBXFileReference; fileEncoding = 4; lastKnownFileType = text.xml; path = "world-low.svg"; sourceTree = "<group>"; };
		8ED756E21A5099480073A6A2 /* FSInteractiveMapView.h */ = {isa = PBXFileReference; fileEncoding = 4; lastKnownFileType = sourcecode.c.h; path = FSInteractiveMapView.h; sourceTree = "<group>"; };
		8ED756E31A5099480073A6A2 /* FSInteractiveMapView.m */ = {isa = PBXFileReference; fileEncoding = 4; lastKnownFileType = sourcecode.c.objc; path = FSInteractiveMapView.m; sourceTree = "<group>"; };
		8ED756E51A5099480073A6A2 /* FSSVG.h */ = {isa = PBXFileReference; fileEncoding = 4; lastKnownFileType = sourcecode.c.h; path = FSSVG.h; sourceTree = "<group>"; };
		8ED756E61A5099480073A6A2 /* FSSVG.m */ = {isa = PBXFileReference; fileEncoding = 4; lastKnownFileType = sourcecode.c.objc; path = FSSVG.m; sourceTree = "<group>"; };
		8ED756E71A5099480073A6A2 /* FSSVGPathElement.h */ = {isa = PBXFileReference; fileEncoding = 4; lastKnownFileType = sourcecode.c.h; path = FSSVGPathElement.h; sourceTree = "<group>"; };
		8ED756E81A5099480073A6A2 /* FSSVGPathElement.m */ = {isa = PBXFileReference; fileEncoding = 4; lastKnownFileType = sourcecode.c.objc; path = FSSVGPathElement.m; sourceTree = "<group>"; };
		8ED756E91A5099480073A6A2 /* FSSVGUtils.h */ = {isa = PBXFileReference; fileEncoding = 4; lastKnownFileType = sourcecode.c.h; path = FSSVGUtils.h; sourceTree = "<group>"; };
		8ED756EA1A5099480073A6A2 /* FSSVGUtils.m */ = {isa = PBXFileReference; fileEncoding = 4; lastKnownFileType = sourcecode.c.objc; path = FSSVGUtils.m; sourceTree = "<group>"; };
/* End PBXFileReference section */

/* Begin PBXFrameworksBuildPhase section */
		8ED756A51A5095A80073A6A2 /* Frameworks */ = {
			isa = PBXFrameworksBuildPhase;
			buildActionMask = 2147483647;
			files = (
			);
			runOnlyForDeploymentPostprocessing = 0;
		};
		8ED756C11A5095A80073A6A2 /* Frameworks */ = {
			isa = PBXFrameworksBuildPhase;
			buildActionMask = 2147483647;
			files = (
			);
			runOnlyForDeploymentPostprocessing = 0;
		};
/* End PBXFrameworksBuildPhase section */

/* Begin PBXGroup section */
		8ED7569F1A5095A80073A6A2 = {
			isa = PBXGroup;
			children = (
				8ED756AA1A5095A80073A6A2 /* FSInteractiveMap */,
				8ED756C71A5095A80073A6A2 /* FSInteractiveMapTests */,
				8ED756A91A5095A80073A6A2 /* Products */,
			);
			sourceTree = "<group>";
		};
		8ED756A91A5095A80073A6A2 /* Products */ = {
			isa = PBXGroup;
			children = (
				8ED756A81A5095A80073A6A2 /* FSInteractiveMap.app */,
				8ED756C41A5095A80073A6A2 /* FSInteractiveMapTests.xctest */,
			);
			name = Products;
			sourceTree = "<group>";
		};
		8ED756AA1A5095A80073A6A2 /* FSInteractiveMap */ = {
			isa = PBXGroup;
			children = (
				8ED756D41A5099480073A6A2 /* FSInteractiveMap */,
				8ED756AF1A5095A80073A6A2 /* AppDelegate.h */,
				8ED756B01A5095A80073A6A2 /* AppDelegate.m */,
				8ED756B21A5095A80073A6A2 /* MasterViewController.h */,
				8ED756B31A5095A80073A6A2 /* MasterViewController.m */,
				8ED756B51A5095A80073A6A2 /* DetailViewController.h */,
				8ED756B61A5095A80073A6A2 /* DetailViewController.m */,
				8ED756B81A5095A80073A6A2 /* Main.storyboard */,
				8ED756BB1A5095A80073A6A2 /* Images.xcassets */,
				8ED756BD1A5095A80073A6A2 /* LaunchScreen.xib */,
				8ED756AB1A5095A80073A6A2 /* Supporting Files */,
			);
			path = FSInteractiveMap;
			sourceTree = "<group>";
		};
		8ED756AB1A5095A80073A6A2 /* Supporting Files */ = {
			isa = PBXGroup;
			children = (
				8ED756AC1A5095A80073A6A2 /* Info.plist */,
				8ED756AD1A5095A80073A6A2 /* main.m */,
			);
			name = "Supporting Files";
			sourceTree = "<group>";
		};
		8ED756C71A5095A80073A6A2 /* FSInteractiveMapTests */ = {
			isa = PBXGroup;
			children = (
				8ED756CA1A5095A80073A6A2 /* FSInteractiveMapTests.m */,
				8ED756C81A5095A80073A6A2 /* Supporting Files */,
			);
			path = FSInteractiveMapTests;
			sourceTree = "<group>";
		};
		8ED756C81A5095A80073A6A2 /* Supporting Files */ = {
			isa = PBXGroup;
			children = (
				8ED756C91A5095A80073A6A2 /* Info.plist */,
			);
			name = "Supporting Files";
			sourceTree = "<group>";
		};
		8ED756D41A5099480073A6A2 /* FSInteractiveMap */ = {
			isa = PBXGroup;
			children = (
				8ED756D51A5099480073A6A2 /* Data */,
				8ED756E21A5099480073A6A2 /* FSInteractiveMapView.h */,
				8ED756E31A5099480073A6A2 /* FSInteractiveMapView.m */,
				8ED756E41A5099480073A6A2 /* FSSVG */,
			);
			path = FSInteractiveMap;
			sourceTree = "<group>";
		};
		8ED756D51A5099480073A6A2 /* Data */ = {
			isa = PBXGroup;
			children = (
				8ED756D61A5099480073A6A2 /* austria-low.svg */,
				8ED756D71A5099480073A6A2 /* beef-cuts.svg */,
				8ED756D81A5099480073A6A2 /* china-low.svg */,
				8ED756D91A5099480073A6A2 /* europe.svg */,
				8ED756DA1A5099480073A6A2 /* france-low.svg */,
				8ED756DB1A5099480073A6A2 /* germany.svg */,
				8ED756DC1A5099480073A6A2 /* india-low.svg */,
				8ED756DD1A5099480073A6A2 /* italy.svg */,
				8ED756DE1A5099480073A6A2 /* uk-low.svg */,
				8ED756DF1A5099480073A6A2 /* usa-low.svg */,
				8ED756E01A5099480073A6A2 /* world-continents-low.svg */,
				8ED756E11A5099480073A6A2 /* world-low.svg */,
			);
			path = Data;
			sourceTree = "<group>";
		};
		8ED756E41A5099480073A6A2 /* FSSVG */ = {
			isa = PBXGroup;
			children = (
				8ED756E51A5099480073A6A2 /* FSSVG.h */,
				8ED756E61A5099480073A6A2 /* FSSVG.m */,
				8ED756E71A5099480073A6A2 /* FSSVGPathElement.h */,
				8ED756E81A5099480073A6A2 /* FSSVGPathElement.m */,
				8ED756E91A5099480073A6A2 /* FSSVGUtils.h */,
				8ED756EA1A5099480073A6A2 /* FSSVGUtils.m */,
			);
			path = FSSVG;
			sourceTree = "<group>";
		};
/* End PBXGroup section */

/* Begin PBXNativeTarget section */
		8ED756A71A5095A80073A6A2 /* FSInteractiveMap */ = {
			isa = PBXNativeTarget;
			buildConfigurationList = 8ED756CE1A5095A80073A6A2 /* Build configuration list for PBXNativeTarget "FSInteractiveMap" */;
			buildPhases = (
				8ED756A41A5095A80073A6A2 /* Sources */,
				8ED756A51A5095A80073A6A2 /* Frameworks */,
				8ED756A61A5095A80073A6A2 /* Resources */,
			);
			buildRules = (
			);
			dependencies = (
			);
			name = FSInteractiveMap;
			productName = FSInteractiveMap;
			productReference = 8ED756A81A5095A80073A6A2 /* FSInteractiveMap.app */;
			productType = "com.apple.product-type.application";
		};
		8ED756C31A5095A80073A6A2 /* FSInteractiveMapTests */ = {
			isa = PBXNativeTarget;
			buildConfigurationList = 8ED756D11A5095A80073A6A2 /* Build configuration list for PBXNativeTarget "FSInteractiveMapTests" */;
			buildPhases = (
				8ED756C01A5095A80073A6A2 /* Sources */,
				8ED756C11A5095A80073A6A2 /* Frameworks */,
				8ED756C21A5095A80073A6A2 /* Resources */,
			);
			buildRules = (
			);
			dependencies = (
				8ED756C61A5095A80073A6A2 /* PBXTargetDependency */,
			);
			name = FSInteractiveMapTests;
			productName = FSInteractiveMapTests;
			productReference = 8ED756C41A5095A80073A6A2 /* FSInteractiveMapTests.xctest */;
			productType = "com.apple.product-type.bundle.unit-test";
		};
/* End PBXNativeTarget section */

/* Begin PBXProject section */
		8ED756A01A5095A80073A6A2 /* Project object */ = {
			isa = PBXProject;
			attributes = {
				LastUpgradeCheck = 0610;
				ORGANIZATIONNAME = "Arthur GUIBERT";
				TargetAttributes = {
					8ED756A71A5095A80073A6A2 = {
						CreatedOnToolsVersion = 6.1;
					};
					8ED756C31A5095A80073A6A2 = {
						CreatedOnToolsVersion = 6.1;
						TestTargetID = 8ED756A71A5095A80073A6A2;
					};
				};
			};
			buildConfigurationList = 8ED756A31A5095A80073A6A2 /* Build configuration list for PBXProject "FSInteractiveMap" */;
			compatibilityVersion = "Xcode 3.2";
			developmentRegion = English;
			hasScannedForEncodings = 0;
			knownRegions = (
				en,
				Base,
			);
			mainGroup = 8ED7569F1A5095A80073A6A2;
			productRefGroup = 8ED756A91A5095A80073A6A2 /* Products */;
			projectDirPath = "";
			projectRoot = "";
			targets = (
				8ED756A71A5095A80073A6A2 /* FSInteractiveMap */,
				8ED756C31A5095A80073A6A2 /* FSInteractiveMapTests */,
			);
		};
/* End PBXProject section */

/* Begin PBXResourcesBuildPhase section */
		8ED756A61A5095A80073A6A2 /* Resources */ = {
			isa = PBXResourcesBuildPhase;
			buildActionMask = 2147483647;
			files = (
				8ED756EE1A5099480073A6A2 /* europe.svg in Resources */,
				8ED756EC1A5099480073A6A2 /* beef-cuts.svg in Resources */,
				8ED756F61A5099480073A6A2 /* world-low.svg in Resources */,
				8ED756EF1A5099480073A6A2 /* france-low.svg in Resources */,
				8ED756F51A5099480073A6A2 /* world-continents-low.svg in Resources */,
				8ED756F41A5099480073A6A2 /* usa-low.svg in Resources */,
				8ED756F01A5099480073A6A2 /* germany.svg in Resources */,
				8ED756F21A5099480073A6A2 /* italy.svg in Resources */,
				8ED756ED1A5099480073A6A2 /* china-low.svg in Resources */,
				8ED756BA1A5095A80073A6A2 /* Main.storyboard in Resources */,
				8ED756EB1A5099480073A6A2 /* austria-low.svg in Resources */,
				8ED756F11A5099480073A6A2 /* india-low.svg in Resources */,
				8ED756BF1A5095A80073A6A2 /* LaunchScreen.xib in Resources */,
				8ED756BC1A5095A80073A6A2 /* Images.xcassets in Resources */,
				8ED756F31A5099480073A6A2 /* uk-low.svg in Resources */,
			);
			runOnlyForDeploymentPostprocessing = 0;
		};
		8ED756C21A5095A80073A6A2 /* Resources */ = {
			isa = PBXResourcesBuildPhase;
			buildActionMask = 2147483647;
			files = (
			);
			runOnlyForDeploymentPostprocessing = 0;
		};
/* End PBXResourcesBuildPhase section */

/* Begin PBXSourcesBuildPhase section */
		8ED756A41A5095A80073A6A2 /* Sources */ = {
			isa = PBXSourcesBuildPhase;
			buildActionMask = 2147483647;
			files = (
				8ED756B11A5095A80073A6A2 /* AppDelegate.m in Sources */,
				8ED756FA1A5099480073A6A2 /* FSSVGUtils.m in Sources */,
				8ED756F71A5099480073A6A2 /* FSInteractiveMapView.m in Sources */,
				8ED756B41A5095A80073A6A2 /* MasterViewController.m in Sources */,
				8ED756F81A5099480073A6A2 /* FSSVG.m in Sources */,
				8ED756AE1A5095A80073A6A2 /* main.m in Sources */,
				8ED756F91A5099480073A6A2 /* FSSVGPathElement.m in Sources */,
				8ED756B71A5095A80073A6A2 /* DetailViewController.m in Sources */,
			);
			runOnlyForDeploymentPostprocessing = 0;
		};
		8ED756C01A5095A80073A6A2 /* Sources */ = {
			isa = PBXSourcesBuildPhase;
			buildActionMask = 2147483647;
			files = (
				8ED756CB1A5095A80073A6A2 /* FSInteractiveMapTests.m in Sources */,
			);
			runOnlyForDeploymentPostprocessing = 0;
		};
/* End PBXSourcesBuildPhase section */

/* Begin PBXTargetDependency section */
		8ED756C61A5095A80073A6A2 /* PBXTargetDependency */ = {
			isa = PBXTargetDependency;
			target = 8ED756A71A5095A80073A6A2 /* FSInteractiveMap */;
			targetProxy = 8ED756C51A5095A80073A6A2 /* PBXContainerItemProxy */;
		};
/* End PBXTargetDependency section */

/* Begin PBXVariantGroup section */
		8ED756B81A5095A80073A6A2 /* Main.storyboard */ = {
			isa = PBXVariantGroup;
			children = (
				8ED756B91A5095A80073A6A2 /* Base */,
			);
			name = Main.storyboard;
			sourceTree = "<group>";
		};
		8ED756BD1A5095A80073A6A2 /* LaunchScreen.xib */ = {
			isa = PBXVariantGroup;
			children = (
				8ED756BE1A5095A80073A6A2 /* Base */,
			);
			name = LaunchScreen.xib;
			sourceTree = "<group>";
		};
/* End PBXVariantGroup section */

/* Begin XCBuildConfiguration section */
		8ED756CC1A5095A80073A6A2 /* Debug */ = {
			isa = XCBuildConfiguration;
			buildSettings = {
				ALWAYS_SEARCH_USER_PATHS = NO;
				CLANG_CXX_LANGUAGE_STANDARD = "gnu++0x";
				CLANG_CXX_LIBRARY = "libc++";
				CLANG_ENABLE_MODULES = YES;
				CLANG_ENABLE_OBJC_ARC = YES;
				CLANG_WARN_BOOL_CONVERSION = YES;
				CLANG_WARN_CONSTANT_CONVERSION = YES;
				CLANG_WARN_DIRECT_OBJC_ISA_USAGE = YES_ERROR;
				CLANG_WARN_EMPTY_BODY = YES;
				CLANG_WARN_ENUM_CONVERSION = YES;
				CLANG_WARN_INT_CONVERSION = YES;
				CLANG_WARN_OBJC_ROOT_CLASS = YES_ERROR;
				CLANG_WARN_UNREACHABLE_CODE = YES;
				CLANG_WARN__DUPLICATE_METHOD_MATCH = YES;
				"CODE_SIGN_IDENTITY[sdk=iphoneos*]" = "iPhone Developer";
				COPY_PHASE_STRIP = NO;
				ENABLE_STRICT_OBJC_MSGSEND = YES;
				GCC_C_LANGUAGE_STANDARD = gnu99;
				GCC_DYNAMIC_NO_PIC = NO;
				GCC_OPTIMIZATION_LEVEL = 0;
				GCC_PREPROCESSOR_DEFINITIONS = (
					"DEBUG=1",
					"$(inherited)",
				);
				GCC_SYMBOLS_PRIVATE_EXTERN = NO;
				GCC_WARN_64_TO_32_BIT_CONVERSION = YES;
				GCC_WARN_ABOUT_RETURN_TYPE = YES_ERROR;
				GCC_WARN_UNDECLARED_SELECTOR = YES;
				GCC_WARN_UNINITIALIZED_AUTOS = YES_AGGRESSIVE;
				GCC_WARN_UNUSED_FUNCTION = YES;
				GCC_WARN_UNUSED_VARIABLE = YES;
				IPHONEOS_DEPLOYMENT_TARGET = 8.1;
				MTL_ENABLE_DEBUG_INFO = YES;
				ONLY_ACTIVE_ARCH = YES;
				SDKROOT = iphoneos;
				TARGETED_DEVICE_FAMILY = "1,2";
			};
			name = Debug;
		};
		8ED756CD1A5095A80073A6A2 /* Release */ = {
			isa = XCBuildConfiguration;
			buildSettings = {
				ALWAYS_SEARCH_USER_PATHS = NO;
				CLANG_CXX_LANGUAGE_STANDARD = "gnu++0x";
				CLANG_CXX_LIBRARY = "libc++";
				CLANG_ENABLE_MODULES = YES;
				CLANG_ENABLE_OBJC_ARC = YES;
				CLANG_WARN_BOOL_CONVERSION = YES;
				CLANG_WARN_CONSTANT_CONVERSION = YES;
				CLANG_WARN_DIRECT_OBJC_ISA_USAGE = YES_ERROR;
				CLANG_WARN_EMPTY_BODY = YES;
				CLANG_WARN_ENUM_CONVERSION = YES;
				CLANG_WARN_INT_CONVERSION = YES;
				CLANG_WARN_OBJC_ROOT_CLASS = YES_ERROR;
				CLANG_WARN_UNREACHABLE_CODE = YES;
				CLANG_WARN__DUPLICATE_METHOD_MATCH = YES;
				"CODE_SIGN_IDENTITY[sdk=iphoneos*]" = "iPhone Developer";
				COPY_PHASE_STRIP = YES;
				ENABLE_NS_ASSERTIONS = NO;
				ENABLE_STRICT_OBJC_MSGSEND = YES;
				GCC_C_LANGUAGE_STANDARD = gnu99;
				GCC_WARN_64_TO_32_BIT_CONVERSION = YES;
				GCC_WARN_ABOUT_RETURN_TYPE = YES_ERROR;
				GCC_WARN_UNDECLARED_SELECTOR = YES;
				GCC_WARN_UNINITIALIZED_AUTOS = YES_AGGRESSIVE;
				GCC_WARN_UNUSED_FUNCTION = YES;
				GCC_WARN_UNUSED_VARIABLE = YES;
				IPHONEOS_DEPLOYMENT_TARGET = 8.1;
				MTL_ENABLE_DEBUG_INFO = NO;
				SDKROOT = iphoneos;
				TARGETED_DEVICE_FAMILY = "1,2";
				VALIDATE_PRODUCT = YES;
			};
			name = Release;
		};
		8ED756CF1A5095A80073A6A2 /* Debug */ = {
			isa = XCBuildConfiguration;
			buildSettings = {
				ASSETCATALOG_COMPILER_APPICON_NAME = AppIcon;
				INFOPLIST_FILE = FSInteractiveMap/Info.plist;
				LD_RUNPATH_SEARCH_PATHS = "$(inherited) @executable_path/Frameworks";
				PRODUCT_NAME = "$(TARGET_NAME)";
			};
			name = Debug;
		};
		8ED756D01A5095A80073A6A2 /* Release */ = {
			isa = XCBuildConfiguration;
			buildSettings = {
				ASSETCATALOG_COMPILER_APPICON_NAME = AppIcon;
				INFOPLIST_FILE = FSInteractiveMap/Info.plist;
				LD_RUNPATH_SEARCH_PATHS = "$(inherited) @executable_path/Frameworks";
				PRODUCT_NAME = "$(TARGET_NAME)";
			};
			name = Release;
		};
		8ED756D21A5095A80073A6A2 /* Debug */ = {
			isa = XCBuildConfiguration;
			buildSettings = {
				BUNDLE_LOADER = "$(TEST_HOST)";
				FRAMEWORK_SEARCH_PATHS = (
					"$(SDKROOT)/Developer/Library/Frameworks",
					"$(inherited)",
				);
				GCC_PREPROCESSOR_DEFINITIONS = (
					"DEBUG=1",
					"$(inherited)",
				);
				INFOPLIST_FILE = FSInteractiveMapTests/Info.plist;
				LD_RUNPATH_SEARCH_PATHS = "$(inherited) @executable_path/Frameworks @loader_path/Frameworks";
				PRODUCT_NAME = "$(TARGET_NAME)";
				TEST_HOST = "$(BUILT_PRODUCTS_DIR)/FSInteractiveMap.app/FSInteractiveMap";
			};
			name = Debug;
		};
		8ED756D31A5095A80073A6A2 /* Release */ = {
			isa = XCBuildConfiguration;
			buildSettings = {
				BUNDLE_LOADER = "$(TEST_HOST)";
				FRAMEWORK_SEARCH_PATHS = (
					"$(SDKROOT)/Developer/Library/Frameworks",
					"$(inherited)",
				);
				INFOPLIST_FILE = FSInteractiveMapTests/Info.plist;
				LD_RUNPATH_SEARCH_PATHS = "$(inherited) @executable_path/Frameworks @loader_path/Frameworks";
				PRODUCT_NAME = "$(TARGET_NAME)";
				TEST_HOST = "$(BUILT_PRODUCTS_DIR)/FSInteractiveMap.app/FSInteractiveMap";
			};
			name = Release;
		};
/* End XCBuildConfiguration section */

/* Begin XCConfigurationList section */
		8ED756A31A5095A80073A6A2 /* Build configuration list for PBXProject "FSInteractiveMap" */ = {
			isa = XCConfigurationList;
			buildConfigurations = (
				8ED756CC1A5095A80073A6A2 /* Debug */,
				8ED756CD1A5095A80073A6A2 /* Release */,
			);
			defaultConfigurationIsVisible = 0;
			defaultConfigurationName = Release;
		};
		8ED756CE1A5095A80073A6A2 /* Build configuration list for PBXNativeTarget "FSInteractiveMap" */ = {
			isa = XCConfigurationList;
			buildConfigurations = (
				8ED756CF1A5095A80073A6A2 /* Debug */,
				8ED756D01A5095A80073A6A2 /* Release */,
			);
			defaultConfigurationIsVisible = 0;
			defaultConfigurationName = Release;
		};
		8ED756D11A5095A80073A6A2 /* Build configuration list for PBXNativeTarget "FSInteractiveMapTests" */ = {
			isa = XCConfigurationList;
			buildConfigurations = (
				8ED756D21A5095A80073A6A2 /* Debug */,
				8ED756D31A5095A80073A6A2 /* Release */,
			);
			defaultConfigurationIsVisible = 0;
			defaultConfigurationName = Release;
		};
/* End XCConfigurationList section */
	};
	rootObject = 8ED756A01A5095A80073A6A2 /* Project object */;
}
